
Microsoft Visual Studio Solution File, Format Version 12.00
# Visual Studio Version 17
VisualStudioVersion = 17.6.33829.357
MinimumVisualStudioVersion = 10.0.40219.1
Project("{FAE04EC0-301F-11D3-BF4B-00C04F79EFBC}") = "AmirGarifullinDZ1", "AmirGarifullinDZ1\AmirGarifullinDZ1.csproj", "{F602B366-BE0B-49A0-AEEA-4FE7D18937FB}"
EndProject
Global
	GlobalSection(SolutionConfigurationPlatforms) = preSolution
		Debug|Any CPU = Debug|Any CPU
		Release|Any CPU = Release|Any CPU
	EndGlobalSection
	GlobalSection(ProjectConfigurationPlatforms) = postSolution
		{F602B366-BE0B-49A0-AEEA-4FE7D18937FB}.Debug|Any CPU.ActiveCfg = Debug|Any CPU
		{F602B366-BE0B-49A0-AEEA-4FE7D18937FB}.Debug|Any CPU.Build.0 = Debug|Any CPU
		{F602B366-BE0B-49A0-AEEA-4FE7D18937FB}.Release|Any CPU.ActiveCfg = Release|Any CPU
		{F602B366-BE0B-49A0-AEEA-4FE7D18937FB}.Release|Any CPU.Build.0 = Release|Any CPU
	EndGlobalSection
	GlobalSection(SolutionProperties) = preSolution
		HideSolutionNode = FALSE
	EndGlobalSection
	GlobalSection(ExtensibilityGlobals) = postSolution
		SolutionGuid = {84FCDE99-4795-4B08-864E-AE0A6FF38AD5}
	EndGlobalSection
EndGlobal
